
Microsoft Visual Studio Solution File, Format Version 12.00
Project("{2150E333-8FDC-42A3-9474-1A3956D46DE8}") = "src", "src", "{180BC257-9590-4CD1-8C1F-3E0095146087}"
EndProject
Project("{2150E333-8FDC-42A3-9474-1A3956D46DE8}") = "test", "test", "{95196404-0DE0-473F-80ED-C8344D9D6EB8}"
EndProject
Project("{FAE04EC0-301F-11D3-BF4B-00C04F79EFBC}") = "CieciuraB.Todo.Web", "src\CieciuraB.Todo.Web\CieciuraB.Todo.Web.csproj", "{643FDA50-5EEA-4DEC-A4C0-058B8EE45CAA}"
EndProject
Project("{FAE04EC0-301F-11D3-BF4B-00C04F79EFBC}") = "CieciuraB.Todo.Web.Test", "test\CieciuraB.Todo.Web.Test\CieciuraB.Todo.Web.Test.csproj", "{50093B0B-C696-4482-8F1E-DA2C04710F3B}"
EndProject
Global
	GlobalSection(SolutionConfigurationPlatforms) = preSolution
		Debug|Any CPU = Debug|Any CPU
		Release|Any CPU = Release|Any CPU
	EndGlobalSection
	GlobalSection(NestedProjects) = preSolution
		{643FDA50-5EEA-4DEC-A4C0-058B8EE45CAA} = {180BC257-9590-4CD1-8C1F-3E0095146087}
		{50093B0B-C696-4482-8F1E-DA2C04710F3B} = {95196404-0DE0-473F-80ED-C8344D9D6EB8}
	EndGlobalSection
	GlobalSection(ProjectConfigurationPlatforms) = postSolution
		{643FDA50-5EEA-4DEC-A4C0-058B8EE45CAA}.Debug|Any CPU.ActiveCfg = Debug|Any CPU
		{643FDA50-5EEA-4DEC-A4C0-058B8EE45CAA}.Debug|Any CPU.Build.0 = Debug|Any CPU
		{643FDA50-5EEA-4DEC-A4C0-058B8EE45CAA}.Debug|Any CPU.Deploy.0 = Debug|Any CPU
		{50093B0B-C696-4482-8F1E-DA2C04710F3B}.Debug|Any CPU.ActiveCfg = Debug|Any CPU
		{50093B0B-C696-4482-8F1E-DA2C04710F3B}.Debug|Any CPU.Build.0 = Debug|Any CPU
		{50093B0B-C696-4482-8F1E-DA2C04710F3B}.Release|Any CPU.ActiveCfg = Release|Any CPU
		{50093B0B-C696-4482-8F1E-DA2C04710F3B}.Release|Any CPU.Build.0 = Release|Any CPU
	EndGlobalSection
EndGlobal
